
Microsoft Visual Studio Solution File, Format Version 12.00
# Visual Studio 15
VisualStudioVersion = 15.0.27703.2047
MinimumVisualStudioVersion = 10.0.40219.1
Project("{FAE04EC0-301F-11D3-BF4B-00C04F79EFBC}") = "Assignment_3", "Assignment_3\Assignment_3.csproj", "{89177F40-D3CC-4B36-A57E-A27D97D9ACB6}"
EndProject
Project("{FAE04EC0-301F-11D3-BF4B-00C04F79EFBC}") = "Assignment_1_Part_1", "Assignment_1\Assignment_1_Part_1.csproj", "{871A30FF-1D5B-42EC-850E-5F9B47AF5B4F}"
EndProject
Project("{FAE04EC0-301F-11D3-BF4B-00C04F79EFBC}") = "Assignment_1_Part_2", "Assignment_1_Part_2\Assignment_1_Part_2.csproj", "{ADCC30EE-4DE7-4F71-A44B-DBC6C3CCD4D7}"
EndProject
Project("{FAE04EC0-301F-11D3-BF4B-00C04F79EFBC}") = "Assignment_2", "Assignment_2\Assignment_2.csproj", "{EE770E31-C825-482D-849C-E3FD6FF195A9}"
EndProject
Project("{FAE04EC0-301F-11D3-BF4B-00C04F79EFBC}") = "Assignment_4", "Assignment_4\Assignment_4.csproj", "{451AE8E4-3334-4B50-9C91-F181F07E5D28}"
EndProject
Project("{FAE04EC0-301F-11D3-BF4B-00C04F79EFBC}") = "Assignment_5", "Assignment_5\Assignment_5.csproj", "{012ADC50-C2C6-449D-B197-092406120127}"
EndProject
Global
	GlobalSection(SolutionConfigurationPlatforms) = preSolution
		Debug|Any CPU = Debug|Any CPU
		Release|Any CPU = Release|Any CPU
	EndGlobalSection
	GlobalSection(ProjectConfigurationPlatforms) = postSolution
		{89177F40-D3CC-4B36-A57E-A27D97D9ACB6}.Debug|Any CPU.ActiveCfg = Debug|Any CPU
		{89177F40-D3CC-4B36-A57E-A27D97D9ACB6}.Debug|Any CPU.Build.0 = Debug|Any CPU
		{89177F40-D3CC-4B36-A57E-A27D97D9ACB6}.Release|Any CPU.ActiveCfg = Release|Any CPU
		{89177F40-D3CC-4B36-A57E-A27D97D9ACB6}.Release|Any CPU.Build.0 = Release|Any CPU
		{871A30FF-1D5B-42EC-850E-5F9B47AF5B4F}.Debug|Any CPU.ActiveCfg = Debug|Any CPU
		{871A30FF-1D5B-42EC-850E-5F9B47AF5B4F}.Debug|Any CPU.Build.0 = Debug|Any CPU
		{871A30FF-1D5B-42EC-850E-5F9B47AF5B4F}.Release|Any CPU.ActiveCfg = Release|Any CPU
		{871A30FF-1D5B-42EC-850E-5F9B47AF5B4F}.Release|Any CPU.Build.0 = Release|Any CPU
		{ADCC30EE-4DE7-4F71-A44B-DBC6C3CCD4D7}.Debug|Any CPU.ActiveCfg = Debug|Any CPU
		{ADCC30EE-4DE7-4F71-A44B-DBC6C3CCD4D7}.Debug|Any CPU.Build.0 = Debug|Any CPU
		{ADCC30EE-4DE7-4F71-A44B-DBC6C3CCD4D7}.Release|Any CPU.ActiveCfg = Release|Any CPU
		{ADCC30EE-4DE7-4F71-A44B-DBC6C3CCD4D7}.Release|Any CPU.Build.0 = Release|Any CPU
		{EE770E31-C825-482D-849C-E3FD6FF195A9}.Debug|Any CPU.ActiveCfg = Debug|Any CPU
		{EE770E31-C825-482D-849C-E3FD6FF195A9}.Debug|Any CPU.Build.0 = Debug|Any CPU
		{EE770E31-C825-482D-849C-E3FD6FF195A9}.Release|Any CPU.ActiveCfg = Release|Any CPU
		{EE770E31-C825-482D-849C-E3FD6FF195A9}.Release|Any CPU.Build.0 = Release|Any CPU
		{451AE8E4-3334-4B50-9C91-F181F07E5D28}.Debug|Any CPU.ActiveCfg = Debug|Any CPU
		{451AE8E4-3334-4B50-9C91-F181F07E5D28}.Debug|Any CPU.Build.0 = Debug|Any CPU
		{451AE8E4-3334-4B50-9C91-F181F07E5D28}.Release|Any CPU.ActiveCfg = Release|Any CPU
		{451AE8E4-3334-4B50-9C91-F181F07E5D28}.Release|Any CPU.Build.0 = Release|Any CPU
		{012ADC50-C2C6-449D-B197-092406120127}.Debug|Any CPU.ActiveCfg = Debug|Any CPU
		{012ADC50-C2C6-449D-B197-092406120127}.Debug|Any CPU.Build.0 = Debug|Any CPU
		{012ADC50-C2C6-449D-B197-092406120127}.Release|Any CPU.ActiveCfg = Release|Any CPU
		{012ADC50-C2C6-449D-B197-092406120127}.Release|Any CPU.Build.0 = Release|Any CPU
	EndGlobalSection
	GlobalSection(SolutionProperties) = preSolution
		HideSolutionNode = FALSE
	EndGlobalSection
	GlobalSection(ExtensibilityGlobals) = postSolution
		SolutionGuid = {C40A18A5-2B70-45E6-B472-53B0EA41DA34}
	EndGlobalSection
EndGlobal
